// !$*UTF8*$!
{
	archiveVersion = 1;
	classes = {
	};
	objectVersion = 46;
	objects = {

/* Begin PBXBuildFile section */
		53B1CD0DFDE0755CF6F2A2C9 /* Pods_SpotifySearch.framework in Frameworks */ = {isa = PBXBuildFile; fileRef = 99D28A58F76A19FCD7BE6563 /* Pods_SpotifySearch.framework */; };
		690B44EA1DF0AB3000FB4118 /* ArtistStyleBar.swift in Sources */ = {isa = PBXBuildFile; fileRef = 690B44E91DF0AB3000FB4118 /* ArtistStyleBar.swift */; };
		6916E0721DF9CCE6002A7D66 /* ArtistTableViewCell.swift in Sources */ = {isa = PBXBuildFile; fileRef = 6916E0701DF9CCE6002A7D66 /* ArtistTableViewCell.swift */; };
		6916E0731DF9CCE6002A7D66 /* ArtistTableViewCell.xib in Resources */ = {isa = PBXBuildFile; fileRef = 6916E0711DF9CCE6002A7D66 /* ArtistTableViewCell.xib */; };
		691E54051DD65FD500B1A62F /* SpotifyAudioPlayback.framework in Frameworks */ = {isa = PBXBuildFile; fileRef = 691E54031DD65FD500B1A62F /* SpotifyAudioPlayback.framework */; };
		691E54061DD65FD500B1A62F /* SpotifyAuthentication.framework in Frameworks */ = {isa = PBXBuildFile; fileRef = 691E54041DD65FD500B1A62F /* SpotifyAuthentication.framework */; };
		691FDBE21DD2247F000122EF /* TrackTableViewCell.swift in Sources */ = {isa = PBXBuildFile; fileRef = 691FDBE01DD2247F000122EF /* TrackTableViewCell.swift */; };
		691FDBE31DD2247F000122EF /* TrackTableViewCell.xib in Resources */ = {isa = PBXBuildFile; fileRef = 691FDBE11DD2247F000122EF /* TrackTableViewCell.xib */; };
		69210A9E1DFB0D7100F8C436 /* ArtistPageViewController.swift in Sources */ = {isa = PBXBuildFile; fileRef = 69210A9C1DFB0D7100F8C436 /* ArtistPageViewController.swift */; };
		69210AA11DFB1CF800F8C436 /* ArtistBarBehavior.swift in Sources */ = {isa = PBXBuildFile; fileRef = 69210AA01DFB1CF800F8C436 /* ArtistBarBehavior.swift */; };
		69267B761E164C7F003E1589 /* ExpandTableViewCell.swift in Sources */ = {isa = PBXBuildFile; fileRef = 69267B751E164C7F003E1589 /* ExpandTableViewCell.swift */; };
		69267B7A1E17723B003E1589 /* ExpandTableViewController.swift in Sources */ = {isa = PBXBuildFile; fileRef = 69267B791E17723B003E1589 /* ExpandTableViewController.swift */; };
		69267B7C1E17A5E0003E1589 /* AlbumCollectionDatasource.swift in Sources */ = {isa = PBXBuildFile; fileRef = 69267B7B1E17A5E0003E1589 /* AlbumCollectionDatasource.swift */; };
		69281CA81DE3D041007F749F /* PlayerViewController.swift in Sources */ = {isa = PBXBuildFile; fileRef = 69281CA61DE3D041007F749F /* PlayerViewController.swift */; };
		69281CA91DE3D041007F749F /* PlayerViewController.xib in Resources */ = {isa = PBXBuildFile; fileRef = 69281CA71DE3D041007F749F /* PlayerViewController.xib */; };
		692D19991DFB5E27008408D4 /* AlbumTableViewCell.swift in Sources */ = {isa = PBXBuildFile; fileRef = 692D19971DFB5E27008408D4 /* AlbumTableViewCell.swift */; };
		692D199A1DFB5E27008408D4 /* AlbumTableViewCell.xib in Resources */ = {isa = PBXBuildFile; fileRef = 692D19981DFB5E27008408D4 /* AlbumTableViewCell.xib */; };
		692D199E1DFB6421008408D4 /* ArtistPageModel.swift in Sources */ = {isa = PBXBuildFile; fileRef = 692D199D1DFB6421008408D4 /* ArtistPageModel.swift */; };
		692E6BAF1E1C35EB0087E689 /* MediaPlayer.framework in Frameworks */ = {isa = PBXBuildFile; fileRef = 692E6BAE1E1C35EB0087E689 /* MediaPlayer.framework */; };
		692E87771DE6258000C462F5 /* LNPopupController.framework in Frameworks */ = {isa = PBXBuildFile; fileRef = 692E87761DE6257200C462F5 /* LNPopupController.framework */; };
		693131081DFF505D001666DD /* AlbumCollectionTableViewCell.swift in Sources */ = {isa = PBXBuildFile; fileRef = 693131061DFF505D001666DD /* AlbumCollectionTableViewCell.swift */; };
		693131091DFF505D001666DD /* AlbumCollectionTableViewCell.xib in Resources */ = {isa = PBXBuildFile; fileRef = 693131071DFF505D001666DD /* AlbumCollectionTableViewCell.xib */; };
		694450E31DE000A6007DEF55 /* LoginViewController.swift in Sources */ = {isa = PBXBuildFile; fileRef = 694450E21DE000A6007DEF55 /* LoginViewController.swift */; };
		694450E51DE2430A007DEF55 /* WebViewController.swift in Sources */ = {isa = PBXBuildFile; fileRef = 694450E41DE2430A007DEF55 /* WebViewController.swift */; };
		694D60F31DF92FAC0032B8A3 /* SearchPageModels.swift in Sources */ = {isa = PBXBuildFile; fileRef = 694D60F21DF92FAC0032B8A3 /* SearchPageModels.swift */; };
		694D60F51DF967A90032B8A3 /* ResultsTableViewController.swift in Sources */ = {isa = PBXBuildFile; fileRef = 694D60F41DF967A90032B8A3 /* ResultsTableViewController.swift */; };
		694D7FC11E2940C60061D3A5 /* PlaylistPageViewController.swift in Sources */ = {isa = PBXBuildFile; fileRef = 694D7FC01E2940C50061D3A5 /* PlaylistPageViewController.swift */; };
		695526EF1DCB909D0023C4C5 /* SearchEntity.swift in Sources */ = {isa = PBXBuildFile; fileRef = 695526EE1DCB909D0023C4C5 /* SearchEntity.swift */; };
		6959AE5C1DEE1508003D2B35 /* LevenshteinDistance.swift in Sources */ = {isa = PBXBuildFile; fileRef = 6959AE5B1DEE1508003D2B35 /* LevenshteinDistance.swift */; };
		696D7B681DED1F560086BD4E /* TrackSection.swift in Sources */ = {isa = PBXBuildFile; fileRef = 696D7B671DED1F560086BD4E /* TrackSection.swift */; };
		6973F05B1DDB96AE0057946E /* QueueTableViewController.swift in Sources */ = {isa = PBXBuildFile; fileRef = 6973F05A1DDB96AE0057946E /* QueueTableViewController.swift */; };
		69898F2A1E072FF30041907D /* ResultTableViewCell.swift in Sources */ = {isa = PBXBuildFile; fileRef = 69898F281E072FF30041907D /* ResultTableViewCell.swift */; };
		69898F2B1E072FF30041907D /* ResultTableViewCell.xib in Resources */ = {isa = PBXBuildFile; fileRef = 69898F291E072FF30041907D /* ResultTableViewCell.xib */; };
		69898F2E1E08953C0041907D /* AlbumCollectionViewCell.swift in Sources */ = {isa = PBXBuildFile; fileRef = 69898F2C1E08953C0041907D /* AlbumCollectionViewCell.swift */; };
		69898F2F1E08953D0041907D /* AlbumCollectionViewCell.xib in Resources */ = {isa = PBXBuildFile; fileRef = 69898F2D1E08953C0041907D /* AlbumCollectionViewCell.xib */; };
		69898F311E09D8410041907D /* AlbumPageViewController.swift in Sources */ = {isa = PBXBuildFile; fileRef = 69898F301E09D8410041907D /* AlbumPageViewController.swift */; };
		69898F331E0A27240041907D /* AlbumStyleBar.swift in Sources */ = {isa = PBXBuildFile; fileRef = 69898F321E0A27240041907D /* AlbumStyleBar.swift */; };
		698BFB881DF0BF2B00DD4217 /* BLKDelegateSplitter.m in Sources */ = {isa = PBXBuildFile; fileRef = 698BFB7B1DF0BF2B00DD4217 /* BLKDelegateSplitter.m */; };
		698BFB891DF0BF2B00DD4217 /* BLKFlexibleHeightBar.m in Sources */ = {isa = PBXBuildFile; fileRef = 698BFB7D1DF0BF2B00DD4217 /* BLKFlexibleHeightBar.m */; };
		698BFB8A1DF0BF2C00DD4217 /* BLKFlexibleHeightBarBehaviorDefiner.m in Sources */ = {isa = PBXBuildFile; fileRef = 698BFB7F1DF0BF2B00DD4217 /* BLKFlexibleHeightBarBehaviorDefiner.m */; };
		698BFB8B1DF0BF2C00DD4217 /* BLKFlexibleHeightBarSubviewLayoutAttributes.m in Sources */ = {isa = PBXBuildFile; fileRef = 698BFB811DF0BF2B00DD4217 /* BLKFlexibleHeightBarSubviewLayoutAttributes.m */; };
		698BFB8C1DF0BF2C00DD4217 /* FacebookStyleBarBehaviorDefiner.m in Sources */ = {isa = PBXBuildFile; fileRef = 698BFB831DF0BF2B00DD4217 /* FacebookStyleBarBehaviorDefiner.m */; };
		698BFB8D1DF0BF2C00DD4217 /* SquareCashStyleBehaviorDefiner.m in Sources */ = {isa = PBXBuildFile; fileRef = 698BFB851DF0BF2B00DD4217 /* SquareCashStyleBehaviorDefiner.m */; };
		698BFB8E1DF0BF2C00DD4217 /* UIView+BLKFlexibleHeightBarSubview.m in Sources */ = {isa = PBXBuildFile; fileRef = 698BFB871DF0BF2B00DD4217 /* UIView+BLKFlexibleHeightBarSubview.m */; };
		698BFB8F1DF226AA00DD4217 /* LNPopupController.framework in Frameworks */ = {isa = PBXBuildFile; fileRef = 692E87761DE6257200C462F5 /* LNPopupController.framework */; };
		698BFB901DF226AA00DD4217 /* LNPopupController.framework in Embed Frameworks */ = {isa = PBXBuildFile; fileRef = 692E87761DE6257200C462F5 /* LNPopupController.framework */; settings = {ATTRIBUTES = (CodeSignOnCopy, RemoveHeadersOnCopy, ); }; };
		69AAE8C91E0C704700D1804C /* AlbumPageModel.swift in Sources */ = {isa = PBXBuildFile; fileRef = 69AAE8C81E0C704700D1804C /* AlbumPageModel.swift */; };
		69AD12EA1DDF7A0800FDA308 /* Constants.swift in Sources */ = {isa = PBXBuildFile; fileRef = 69AD12E91DDF7A0800FDA308 /* Constants.swift */; };
		69B459ED1DB5559D0013D71A /* SearchViewController.swift in Sources */ = {isa = PBXBuildFile; fileRef = 69B459EC1DB5559D0013D71A /* SearchViewController.swift */; };
		69B459EF1DB555B10013D71A /* SpotifyEndpoint.swift in Sources */ = {isa = PBXBuildFile; fileRef = 69B459EE1DB555B10013D71A /* SpotifyEndpoint.swift */; };
		69B459F11DB555E10013D71A /* SpotifyModel.swift in Sources */ = {isa = PBXBuildFile; fileRef = 69B459F01DB555E10013D71A /* SpotifyModel.swift */; };
		69B459F31DB555EB0013D71A /* AppDelegate.swift in Sources */ = {isa = PBXBuildFile; fileRef = 69B459F21DB555EB0013D71A /* AppDelegate.swift */; };
		69DCFA251DD67AE1007CF8A9 /* MainTabBarController.swift in Sources */ = {isa = PBXBuildFile; fileRef = 69DCFA241DD67AE1007CF8A9 /* MainTabBarController.swift */; };
		F8D3866F1D70C274002A13FC /* Main.storyboard in Resources */ = {isa = PBXBuildFile; fileRef = F8D3866D1D70C274002A13FC /* Main.storyboard */; };
		F8D386711D70C274002A13FC /* Assets.xcassets in Resources */ = {isa = PBXBuildFile; fileRef = F8D386701D70C274002A13FC /* Assets.xcassets */; };
		F8D386741D70C274002A13FC /* LaunchScreen.storyboard in Resources */ = {isa = PBXBuildFile; fileRef = F8D386721D70C274002A13FC /* LaunchScreen.storyboard */; };
		F8D386851D775461002A13FC /* AVFoundation.framework in Frameworks */ = {isa = PBXBuildFile; fileRef = F8D386841D775461002A13FC /* AVFoundation.framework */; };
/* End PBXBuildFile section */

/* Begin PBXContainerItemProxy section */
		692E87751DE6257200C462F5 /* PBXContainerItemProxy */ = {
			isa = PBXContainerItemProxy;
			containerPortal = 692E87711DE6257200C462F5 /* LNPopupController.xcodeproj */;
			proxyType = 2;
			remoteGlobalIDString = 39DB52E51B5823330061C589;
			remoteInfo = LNPopupController;
		};
		698BFB911DF226AA00DD4217 /* PBXContainerItemProxy */ = {
			isa = PBXContainerItemProxy;
			containerPortal = 692E87711DE6257200C462F5 /* LNPopupController.xcodeproj */;
			proxyType = 1;
			remoteGlobalIDString = 39DB52E41B5823330061C589;
			remoteInfo = LNPopupController;
		};
/* End PBXContainerItemProxy section */

/* Begin PBXCopyFilesBuildPhase section */
		698BFB931DF226AA00DD4217 /* Embed Frameworks */ = {
			isa = PBXCopyFilesBuildPhase;
			buildActionMask = 2147483647;
			dstPath = "";
			dstSubfolderSpec = 10;
			files = (
				698BFB901DF226AA00DD4217 /* LNPopupController.framework in Embed Frameworks */,
			);
			name = "Embed Frameworks";
			runOnlyForDeploymentPostprocessing = 0;
		};
/* End PBXCopyFilesBuildPhase section */

/* Begin PBXFileReference section */
		33CBEBDC31B2C68EB58CD8A8 /* Pods-SpotifySearch.debug.xcconfig */ = {isa = PBXFileReference; includeInIndex = 1; lastKnownFileType = text.xcconfig; name = "Pods-SpotifySearch.debug.xcconfig"; path = "Pods/Target Support Files/Pods-SpotifySearch/Pods-SpotifySearch.debug.xcconfig"; sourceTree = "<group>"; };
		690B44E91DF0AB3000FB4118 /* ArtistStyleBar.swift */ = {isa = PBXFileReference; fileEncoding = 4; lastKnownFileType = sourcecode.swift; name = ArtistStyleBar.swift; path = ../ArtistStyleBar.swift; sourceTree = "<group>"; };
		6916E0701DF9CCE6002A7D66 /* ArtistTableViewCell.swift */ = {isa = PBXFileReference; fileEncoding = 4; lastKnownFileType = sourcecode.swift; name = ArtistTableViewCell.swift; path = ../ArtistTableViewCell.swift; sourceTree = "<group>"; };
		6916E0711DF9CCE6002A7D66 /* ArtistTableViewCell.xib */ = {isa = PBXFileReference; fileEncoding = 4; lastKnownFileType = file.xib; name = ArtistTableViewCell.xib; path = ../ArtistTableViewCell.xib; sourceTree = "<group>"; };
		691E54031DD65FD500B1A62F /* SpotifyAudioPlayback.framework */ = {isa = PBXFileReference; lastKnownFileType = wrapper.framework; path = SpotifyAudioPlayback.framework; sourceTree = "<group>"; };
		691E54041DD65FD500B1A62F /* SpotifyAuthentication.framework */ = {isa = PBXFileReference; lastKnownFileType = wrapper.framework; path = SpotifyAuthentication.framework; sourceTree = "<group>"; };
		691FDBE01DD2247F000122EF /* TrackTableViewCell.swift */ = {isa = PBXFileReference; fileEncoding = 4; lastKnownFileType = sourcecode.swift; path = TrackTableViewCell.swift; sourceTree = "<group>"; };
		691FDBE11DD2247F000122EF /* TrackTableViewCell.xib */ = {isa = PBXFileReference; fileEncoding = 4; lastKnownFileType = file.xib; path = TrackTableViewCell.xib; sourceTree = "<group>"; };
		69210A9C1DFB0D7100F8C436 /* ArtistPageViewController.swift */ = {isa = PBXFileReference; fileEncoding = 4; lastKnownFileType = sourcecode.swift; path = ArtistPageViewController.swift; sourceTree = "<group>"; };
		69210AA01DFB1CF800F8C436 /* ArtistBarBehavior.swift */ = {isa = PBXFileReference; fileEncoding = 4; lastKnownFileType = sourcecode.swift; path = ArtistBarBehavior.swift; sourceTree = "<group>"; };
		69267B751E164C7F003E1589 /* ExpandTableViewCell.swift */ = {isa = PBXFileReference; fileEncoding = 4; lastKnownFileType = sourcecode.swift; path = ExpandTableViewCell.swift; sourceTree = "<group>"; };
		69267B791E17723B003E1589 /* ExpandTableViewController.swift */ = {isa = PBXFileReference; fileEncoding = 4; lastKnownFileType = sourcecode.swift; path = ExpandTableViewController.swift; sourceTree = "<group>"; };
		69267B7B1E17A5E0003E1589 /* AlbumCollectionDatasource.swift */ = {isa = PBXFileReference; fileEncoding = 4; lastKnownFileType = sourcecode.swift; path = AlbumCollectionDatasource.swift; sourceTree = "<group>"; };
		69281CA61DE3D041007F749F /* PlayerViewController.swift */ = {isa = PBXFileReference; fileEncoding = 4; lastKnownFileType = sourcecode.swift; path = PlayerViewController.swift; sourceTree = "<group>"; };
		69281CA71DE3D041007F749F /* PlayerViewController.xib */ = {isa = PBXFileReference; fileEncoding = 4; lastKnownFileType = file.xib; path = PlayerViewController.xib; sourceTree = "<group>"; };
		692D19971DFB5E27008408D4 /* AlbumTableViewCell.swift */ = {isa = PBXFileReference; fileEncoding = 4; lastKnownFileType = sourcecode.swift; path = AlbumTableViewCell.swift; sourceTree = "<group>"; };
		692D19981DFB5E27008408D4 /* AlbumTableViewCell.xib */ = {isa = PBXFileReference; fileEncoding = 4; lastKnownFileType = file.xib; path = AlbumTableViewCell.xib; sourceTree = "<group>"; };
		692D199D1DFB6421008408D4 /* ArtistPageModel.swift */ = {isa = PBXFileReference; fileEncoding = 4; lastKnownFileType = sourcecode.swift; path = ArtistPageModel.swift; sourceTree = "<group>"; };
		692E6BAE1E1C35EB0087E689 /* MediaPlayer.framework */ = {isa = PBXFileReference; lastKnownFileType = wrapper.framework; name = MediaPlayer.framework; path = System/Library/Frameworks/MediaPlayer.framework; sourceTree = SDKROOT; };
		692E87711DE6257200C462F5 /* LNPopupController.xcodeproj */ = {isa = PBXFileReference; lastKnownFileType = "wrapper.pb-project"; name = LNPopupController.xcodeproj; path = "../../Downloads/LNPopupController-master/LNPopupController/LNPopupController.xcodeproj"; sourceTree = "<group>"; };
		693131061DFF505D001666DD /* AlbumCollectionTableViewCell.swift */ = {isa = PBXFileReference; fileEncoding = 4; lastKnownFileType = sourcecode.swift; path = AlbumCollectionTableViewCell.swift; sourceTree = "<group>"; };
		693131071DFF505D001666DD /* AlbumCollectionTableViewCell.xib */ = {isa = PBXFileReference; fileEncoding = 4; lastKnownFileType = file.xib; path = AlbumCollectionTableViewCell.xib; sourceTree = "<group>"; };
		694450E21DE000A6007DEF55 /* LoginViewController.swift */ = {isa = PBXFileReference; fileEncoding = 4; lastKnownFileType = sourcecode.swift; path = LoginViewController.swift; sourceTree = "<group>"; };
		694450E41DE2430A007DEF55 /* WebViewController.swift */ = {isa = PBXFileReference; fileEncoding = 4; lastKnownFileType = sourcecode.swift; path = WebViewController.swift; sourceTree = "<group>"; };
		694D60F21DF92FAC0032B8A3 /* SearchPageModels.swift */ = {isa = PBXFileReference; fileEncoding = 4; lastKnownFileType = sourcecode.swift; name = SearchPageModels.swift; path = ../SearchPageModels.swift; sourceTree = "<group>"; };
		694D60F41DF967A90032B8A3 /* ResultsTableViewController.swift */ = {isa = PBXFileReference; fileEncoding = 4; lastKnownFileType = sourcecode.swift; name = ResultsTableViewController.swift; path = ../ResultsTableViewController.swift; sourceTree = "<group>"; };
		694D7FC01E2940C50061D3A5 /* PlaylistPageViewController.swift */ = {isa = PBXFileReference; fileEncoding = 4; lastKnownFileType = sourcecode.swift; path = PlaylistPageViewController.swift; sourceTree = "<group>"; };
		695526EE1DCB909D0023C4C5 /* SearchEntity.swift */ = {isa = PBXFileReference; fileEncoding = 4; lastKnownFileType = sourcecode.swift; name = SearchEntity.swift; path = SpotifySearch/SearchEntity.swift; sourceTree = "<group>"; };
		6959AE5B1DEE1508003D2B35 /* LevenshteinDistance.swift */ = {isa = PBXFileReference; fileEncoding = 4; lastKnownFileType = sourcecode.swift; path = LevenshteinDistance.swift; sourceTree = "<group>"; };
		696D7B671DED1F560086BD4E /* TrackSection.swift */ = {isa = PBXFileReference; fileEncoding = 4; lastKnownFileType = sourcecode.swift; path = TrackSection.swift; sourceTree = "<group>"; };
		6973F05A1DDB96AE0057946E /* QueueTableViewController.swift */ = {isa = PBXFileReference; fileEncoding = 4; lastKnownFileType = sourcecode.swift; path = QueueTableViewController.swift; sourceTree = "<group>"; };
		69898F281E072FF30041907D /* ResultTableViewCell.swift */ = {isa = PBXFileReference; fileEncoding = 4; lastKnownFileType = sourcecode.swift; path = ResultTableViewCell.swift; sourceTree = "<group>"; };
		69898F291E072FF30041907D /* ResultTableViewCell.xib */ = {isa = PBXFileReference; fileEncoding = 4; lastKnownFileType = file.xib; path = ResultTableViewCell.xib; sourceTree = "<group>"; };
		69898F2C1E08953C0041907D /* AlbumCollectionViewCell.swift */ = {isa = PBXFileReference; fileEncoding = 4; lastKnownFileType = sourcecode.swift; path = AlbumCollectionViewCell.swift; sourceTree = "<group>"; };
		69898F2D1E08953C0041907D /* AlbumCollectionViewCell.xib */ = {isa = PBXFileReference; fileEncoding = 4; lastKnownFileType = file.xib; path = AlbumCollectionViewCell.xib; sourceTree = "<group>"; };
		69898F301E09D8410041907D /* AlbumPageViewController.swift */ = {isa = PBXFileReference; fileEncoding = 4; lastKnownFileType = sourcecode.swift; path = AlbumPageViewController.swift; sourceTree = "<group>"; };
		69898F321E0A27240041907D /* AlbumStyleBar.swift */ = {isa = PBXFileReference; fileEncoding = 4; lastKnownFileType = sourcecode.swift; path = AlbumStyleBar.swift; sourceTree = "<group>"; };
		698BFB7A1DF0BF2B00DD4217 /* BLKDelegateSplitter.h */ = {isa = PBXFileReference; fileEncoding = 4; lastKnownFileType = sourcecode.c.h; path = BLKDelegateSplitter.h; sourceTree = "<group>"; };
		698BFB7B1DF0BF2B00DD4217 /* BLKDelegateSplitter.m */ = {isa = PBXFileReference; fileEncoding = 4; lastKnownFileType = sourcecode.c.objc; path = BLKDelegateSplitter.m; sourceTree = "<group>"; };
		698BFB7C1DF0BF2B00DD4217 /* BLKFlexibleHeightBar.h */ = {isa = PBXFileReference; fileEncoding = 4; lastKnownFileType = sourcecode.c.h; path = BLKFlexibleHeightBar.h; sourceTree = "<group>"; };
		698BFB7D1DF0BF2B00DD4217 /* BLKFlexibleHeightBar.m */ = {isa = PBXFileReference; fileEncoding = 4; lastKnownFileType = sourcecode.c.objc; path = BLKFlexibleHeightBar.m; sourceTree = "<group>"; };
		698BFB7E1DF0BF2B00DD4217 /* BLKFlexibleHeightBarBehaviorDefiner.h */ = {isa = PBXFileReference; fileEncoding = 4; lastKnownFileType = sourcecode.c.h; path = BLKFlexibleHeightBarBehaviorDefiner.h; sourceTree = "<group>"; };
		698BFB7F1DF0BF2B00DD4217 /* BLKFlexibleHeightBarBehaviorDefiner.m */ = {isa = PBXFileReference; fileEncoding = 4; lastKnownFileType = sourcecode.c.objc; path = BLKFlexibleHeightBarBehaviorDefiner.m; sourceTree = "<group>"; };
		698BFB801DF0BF2B00DD4217 /* BLKFlexibleHeightBarSubviewLayoutAttributes.h */ = {isa = PBXFileReference; fileEncoding = 4; lastKnownFileType = sourcecode.c.h; path = BLKFlexibleHeightBarSubviewLayoutAttributes.h; sourceTree = "<group>"; };
		698BFB811DF0BF2B00DD4217 /* BLKFlexibleHeightBarSubviewLayoutAttributes.m */ = {isa = PBXFileReference; fileEncoding = 4; lastKnownFileType = sourcecode.c.objc; path = BLKFlexibleHeightBarSubviewLayoutAttributes.m; sourceTree = "<group>"; };
		698BFB821DF0BF2B00DD4217 /* FacebookStyleBarBehaviorDefiner.h */ = {isa = PBXFileReference; fileEncoding = 4; lastKnownFileType = sourcecode.c.h; path = FacebookStyleBarBehaviorDefiner.h; sourceTree = "<group>"; };
		698BFB831DF0BF2B00DD4217 /* FacebookStyleBarBehaviorDefiner.m */ = {isa = PBXFileReference; fileEncoding = 4; lastKnownFileType = sourcecode.c.objc; path = FacebookStyleBarBehaviorDefiner.m; sourceTree = "<group>"; };
		698BFB841DF0BF2B00DD4217 /* SquareCashStyleBehaviorDefiner.h */ = {isa = PBXFileReference; fileEncoding = 4; lastKnownFileType = sourcecode.c.h; path = SquareCashStyleBehaviorDefiner.h; sourceTree = "<group>"; };
		698BFB851DF0BF2B00DD4217 /* SquareCashStyleBehaviorDefiner.m */ = {isa = PBXFileReference; fileEncoding = 4; lastKnownFileType = sourcecode.c.objc; path = SquareCashStyleBehaviorDefiner.m; sourceTree = "<group>"; };
		698BFB861DF0BF2B00DD4217 /* UIView+BLKFlexibleHeightBarSubview.h */ = {isa = PBXFileReference; fileEncoding = 4; lastKnownFileType = sourcecode.c.h; path = "UIView+BLKFlexibleHeightBarSubview.h"; sourceTree = "<group>"; };
		698BFB871DF0BF2B00DD4217 /* UIView+BLKFlexibleHeightBarSubview.m */ = {isa = PBXFileReference; fileEncoding = 4; lastKnownFileType = sourcecode.c.objc; path = "UIView+BLKFlexibleHeightBarSubview.m"; sourceTree = "<group>"; };
		69AAE8C81E0C704700D1804C /* AlbumPageModel.swift */ = {isa = PBXFileReference; fileEncoding = 4; lastKnownFileType = sourcecode.swift; path = AlbumPageModel.swift; sourceTree = "<group>"; };
		69AD12E91DDF7A0800FDA308 /* Constants.swift */ = {isa = PBXFileReference; fileEncoding = 4; lastKnownFileType = sourcecode.swift; path = Constants.swift; sourceTree = "<group>"; };
		69B459EC1DB5559D0013D71A /* SearchViewController.swift */ = {isa = PBXFileReference; fileEncoding = 4; lastKnownFileType = sourcecode.swift; path = SearchViewController.swift; sourceTree = "<group>"; };
		69B459EE1DB555B10013D71A /* SpotifyEndpoint.swift */ = {isa = PBXFileReference; fileEncoding = 4; lastKnownFileType = sourcecode.swift; name = SpotifyEndpoint.swift; path = /Users/aljosacucak/Desktop/SpotifySearch/SpotifySearch/SpotifyEndpoint.swift; sourceTree = "<absolute>"; };
		69B459F01DB555E10013D71A /* SpotifyModel.swift */ = {isa = PBXFileReference; fileEncoding = 4; lastKnownFileType = sourcecode.swift; name = SpotifyModel.swift; path = SpotifySearch/SpotifyModel.swift; sourceTree = SOURCE_ROOT; };
		69B459F21DB555EB0013D71A /* AppDelegate.swift */ = {isa = PBXFileReference; fileEncoding = 4; lastKnownFileType = sourcecode.swift; path = AppDelegate.swift; sourceTree = "<group>"; };
		69DCFA241DD67AE1007CF8A9 /* MainTabBarController.swift */ = {isa = PBXFileReference; fileEncoding = 4; lastKnownFileType = sourcecode.swift; path = MainTabBarController.swift; sourceTree = "<group>"; };
		99D28A58F76A19FCD7BE6563 /* Pods_SpotifySearch.framework */ = {isa = PBXFileReference; explicitFileType = wrapper.framework; includeInIndex = 0; path = Pods_SpotifySearch.framework; sourceTree = BUILT_PRODUCTS_DIR; };
		CF4168076E16B084927BB581 /* Pods-SpotifySearch.release.xcconfig */ = {isa = PBXFileReference; includeInIndex = 1; lastKnownFileType = text.xcconfig; name = "Pods-SpotifySearch.release.xcconfig"; path = "Pods/Target Support Files/Pods-SpotifySearch/Pods-SpotifySearch.release.xcconfig"; sourceTree = "<group>"; };
		F8D386661D70C273002A13FC /* SpotifySearch.app */ = {isa = PBXFileReference; explicitFileType = wrapper.application; includeInIndex = 0; path = SpotifySearch.app; sourceTree = BUILT_PRODUCTS_DIR; };
		F8D3866E1D70C274002A13FC /* Base */ = {isa = PBXFileReference; lastKnownFileType = file.storyboard; name = Base; path = Base.lproj/Main.storyboard; sourceTree = "<group>"; };
		F8D386701D70C274002A13FC /* Assets.xcassets */ = {isa = PBXFileReference; lastKnownFileType = folder.assetcatalog; path = Assets.xcassets; sourceTree = "<group>"; };
		F8D386731D70C274002A13FC /* Base */ = {isa = PBXFileReference; lastKnownFileType = file.storyboard; name = Base; path = Base.lproj/LaunchScreen.storyboard; sourceTree = "<group>"; };
		F8D386751D70C274002A13FC /* Info.plist */ = {isa = PBXFileReference; lastKnownFileType = text.plist.xml; path = Info.plist; sourceTree = "<group>"; };
		F8D3867F1D7753B8002A13FC /* SpotifySearch-Bridging-Header.h */ = {isa = PBXFileReference; lastKnownFileType = sourcecode.c.h; path = "SpotifySearch-Bridging-Header.h"; sourceTree = "<group>"; };
		F8D386841D775461002A13FC /* AVFoundation.framework */ = {isa = PBXFileReference; lastKnownFileType = wrapper.framework; name = AVFoundation.framework; path = System/Library/Frameworks/AVFoundation.framework; sourceTree = SDKROOT; };
/* End PBXFileReference section */

/* Begin PBXFrameworksBuildPhase section */
		F8D386631D70C273002A13FC /* Frameworks */ = {
			isa = PBXFrameworksBuildPhase;
			buildActionMask = 2147483647;
			files = (
				692E6BAF1E1C35EB0087E689 /* MediaPlayer.framework in Frameworks */,
				692E87771DE6258000C462F5 /* LNPopupController.framework in Frameworks */,
				F8D386851D775461002A13FC /* AVFoundation.framework in Frameworks */,
				691E54061DD65FD500B1A62F /* SpotifyAuthentication.framework in Frameworks */,
				53B1CD0DFDE0755CF6F2A2C9 /* Pods_SpotifySearch.framework in Frameworks */,
				691E54051DD65FD500B1A62F /* SpotifyAudioPlayback.framework in Frameworks */,
				698BFB8F1DF226AA00DD4217 /* LNPopupController.framework in Frameworks */,
			);
			runOnlyForDeploymentPostprocessing = 0;
		};
/* End PBXFrameworksBuildPhase section */

/* Begin PBXGroup section */
		6916E06F1DF9CBD7002A7D66 /* Cells */ = {
			isa = PBXGroup;
			children = (
				69898F2C1E08953C0041907D /* AlbumCollectionViewCell.swift */,
				69898F281E072FF30041907D /* ResultTableViewCell.swift */,
				69267B751E164C7F003E1589 /* ExpandTableViewCell.swift */,
				6916E0701DF9CCE6002A7D66 /* ArtistTableViewCell.swift */,
				691FDBE01DD2247F000122EF /* TrackTableViewCell.swift */,
				692D19971DFB5E27008408D4 /* AlbumTableViewCell.swift */,
				693131061DFF505D001666DD /* AlbumCollectionTableViewCell.swift */,
				69898F2D1E08953C0041907D /* AlbumCollectionViewCell.xib */,
				69898F291E072FF30041907D /* ResultTableViewCell.xib */,
				6916E0711DF9CCE6002A7D66 /* ArtistTableViewCell.xib */,
				691FDBE11DD2247F000122EF /* TrackTableViewCell.xib */,
				692D19981DFB5E27008408D4 /* AlbumTableViewCell.xib */,
				693131071DFF505D001666DD /* AlbumCollectionTableViewCell.xib */,
			);
			name = Cells;
			sourceTree = "<group>";
		};
		692E87721DE6257200C462F5 /* Products */ = {
			isa = PBXGroup;
			children = (
				692E87761DE6257200C462F5 /* LNPopupController.framework */,
			);
			name = Products;
			sourceTree = "<group>";
		};
		694D60EF1DF923E40032B8A3 /* Models */ = {
			isa = PBXGroup;
			children = (
				69267B7B1E17A5E0003E1589 /* AlbumCollectionDatasource.swift */,
				694D60F21DF92FAC0032B8A3 /* SearchPageModels.swift */,
				692D199D1DFB6421008408D4 /* ArtistPageModel.swift */,
				69AAE8C81E0C704700D1804C /* AlbumPageModel.swift */,
				696D7B671DED1F560086BD4E /* TrackSection.swift */,
			);
			name = Models;
			sourceTree = "<group>";
		};
		6973F05D1DDB97620057946E /* Support Files */ = {
			isa = PBXGroup;
			children = (
				69281CA71DE3D041007F749F /* PlayerViewController.xib */,
				69B459F21DB555EB0013D71A /* AppDelegate.swift */,
				69AD12E91DDF7A0800FDA308 /* Constants.swift */,
				6959AE5B1DEE1508003D2B35 /* LevenshteinDistance.swift */,
				F8D386701D70C274002A13FC /* Assets.xcassets */,
				F8D386721D70C274002A13FC /* LaunchScreen.storyboard */,
				F8D386751D70C274002A13FC /* Info.plist */,
				F8D3867F1D7753B8002A13FC /* SpotifySearch-Bridging-Header.h */,
			);
			name = "Support Files";
			sourceTree = "<group>";
		};
		698BFB791DF0BF2B00DD4217 /* BLKFlexibleHeightBar */ = {
			isa = PBXGroup;
			children = (
				698BFB7A1DF0BF2B00DD4217 /* BLKDelegateSplitter.h */,
				698BFB7B1DF0BF2B00DD4217 /* BLKDelegateSplitter.m */,
				698BFB7C1DF0BF2B00DD4217 /* BLKFlexibleHeightBar.h */,
				698BFB7D1DF0BF2B00DD4217 /* BLKFlexibleHeightBar.m */,
				698BFB7E1DF0BF2B00DD4217 /* BLKFlexibleHeightBarBehaviorDefiner.h */,
				698BFB7F1DF0BF2B00DD4217 /* BLKFlexibleHeightBarBehaviorDefiner.m */,
				698BFB801DF0BF2B00DD4217 /* BLKFlexibleHeightBarSubviewLayoutAttributes.h */,
				698BFB811DF0BF2B00DD4217 /* BLKFlexibleHeightBarSubviewLayoutAttributes.m */,
				698BFB821DF0BF2B00DD4217 /* FacebookStyleBarBehaviorDefiner.h */,
				698BFB831DF0BF2B00DD4217 /* FacebookStyleBarBehaviorDefiner.m */,
				698BFB841DF0BF2B00DD4217 /* SquareCashStyleBehaviorDefiner.h */,
				698BFB851DF0BF2B00DD4217 /* SquareCashStyleBehaviorDefiner.m */,
				698BFB861DF0BF2B00DD4217 /* UIView+BLKFlexibleHeightBarSubview.h */,
				698BFB871DF0BF2B00DD4217 /* UIView+BLKFlexibleHeightBarSubview.m */,
			);
			path = BLKFlexibleHeightBar;
			sourceTree = "<group>";
		};
		698BFB941DF5F2EE00DD4217 /* UIPages */ = {
			isa = PBXGroup;
			children = (
				690B44E91DF0AB3000FB4118 /* ArtistStyleBar.swift */,
				69210AA01DFB1CF800F8C436 /* ArtistBarBehavior.swift */,
				69898F321E0A27240041907D /* AlbumStyleBar.swift */,
			);
			name = UIPages;
			sourceTree = "<group>";
		};
		69E177291DD0FCCC0059CF92 /* SpotifyAPI */ = {
			isa = PBXGroup;
			children = (
				69B459EE1DB555B10013D71A /* SpotifyEndpoint.swift */,
				695526EE1DCB909D0023C4C5 /* SearchEntity.swift */,
				69B459F01DB555E10013D71A /* SpotifyModel.swift */,
			);
			name = SpotifyAPI;
			path = ..;
			sourceTree = "<group>";
		};
		69FB3EB31E048CCD00DA5A38 /* ViewControllers */ = {
			isa = PBXGroup;
			children = (
				694450E21DE000A6007DEF55 /* LoginViewController.swift */,
				694450E41DE2430A007DEF55 /* WebViewController.swift */,
				69DCFA241DD67AE1007CF8A9 /* MainTabBarController.swift */,
				69281CA61DE3D041007F749F /* PlayerViewController.swift */,
				69B459EC1DB5559D0013D71A /* SearchViewController.swift */,
				694D60F41DF967A90032B8A3 /* ResultsTableViewController.swift */,
				694D7FC01E2940C50061D3A5 /* PlaylistPageViewController.swift */,
				6973F05A1DDB96AE0057946E /* QueueTableViewController.swift */,
				69210A9C1DFB0D7100F8C436 /* ArtistPageViewController.swift */,
				69898F301E09D8410041907D /* AlbumPageViewController.swift */,
				69267B791E17723B003E1589 /* ExpandTableViewController.swift */,
			);
			name = ViewControllers;
			sourceTree = "<group>";
		};
		83A9DECE4FF1988FD3D126CC /* Pods */ = {
			isa = PBXGroup;
			children = (
				33CBEBDC31B2C68EB58CD8A8 /* Pods-SpotifySearch.debug.xcconfig */,
				CF4168076E16B084927BB581 /* Pods-SpotifySearch.release.xcconfig */,
			);
			name = Pods;
			sourceTree = "<group>";
		};
		C39651AD22CFC32A580AE8EB /* Frameworks */ = {
			isa = PBXGroup;
			children = (
				692E6BAE1E1C35EB0087E689 /* MediaPlayer.framework */,
				99D28A58F76A19FCD7BE6563 /* Pods_SpotifySearch.framework */,
			);
			name = Frameworks;
			sourceTree = "<group>";
		};
		F8D3865D1D70C273002A13FC = {
			isa = PBXGroup;
			children = (
				698BFB791DF0BF2B00DD4217 /* BLKFlexibleHeightBar */,
				692E87711DE6257200C462F5 /* LNPopupController.xcodeproj */,
				691E54031DD65FD500B1A62F /* SpotifyAudioPlayback.framework */,
				691E54041DD65FD500B1A62F /* SpotifyAuthentication.framework */,
				F8D386841D775461002A13FC /* AVFoundation.framework */,
				F8D386681D70C274002A13FC /* SpotifySearch */,
				F8D386671D70C273002A13FC /* Products */,
				83A9DECE4FF1988FD3D126CC /* Pods */,
				C39651AD22CFC32A580AE8EB /* Frameworks */,
			);
			sourceTree = "<group>";
		};
		F8D386671D70C273002A13FC /* Products */ = {
			isa = PBXGroup;
			children = (
				F8D386661D70C273002A13FC /* SpotifySearch.app */,
			);
			name = Products;
			sourceTree = "<group>";
		};
		F8D386681D70C274002A13FC /* SpotifySearch */ = {
			isa = PBXGroup;
			children = (
				69E177291DD0FCCC0059CF92 /* SpotifyAPI */,
				69FB3EB31E048CCD00DA5A38 /* ViewControllers */,
				6916E06F1DF9CBD7002A7D66 /* Cells */,
				694D60EF1DF923E40032B8A3 /* Models */,
				698BFB941DF5F2EE00DD4217 /* UIPages */,
				F8D3866D1D70C274002A13FC /* Main.storyboard */,
				6973F05D1DDB97620057946E /* Support Files */,
			);
			path = SpotifySearch;
			sourceTree = "<group>";
		};
/* End PBXGroup section */

/* Begin PBXNativeTarget section */
		F8D386651D70C273002A13FC /* SpotifySearch */ = {
			isa = PBXNativeTarget;
			buildConfigurationList = F8D386781D70C274002A13FC /* Build configuration list for PBXNativeTarget "SpotifySearch" */;
			buildPhases = (
				BD6145683BD4C18368D4BBAA /* [CP] Check Pods Manifest.lock */,
				F8D386621D70C273002A13FC /* Sources */,
				F8D386631D70C273002A13FC /* Frameworks */,
				F8D386641D70C273002A13FC /* Resources */,
				13602B3E058F17CADEB7EFF8 /* [CP] Embed Pods Frameworks */,
				139ED592B44322A94A22838F /* [CP] Copy Pods Resources */,
				698BFB931DF226AA00DD4217 /* Embed Frameworks */,
			);
			buildRules = (
			);
			dependencies = (
				698BFB921DF226AA00DD4217 /* PBXTargetDependency */,
			);
			name = SpotifySearch;
			productName = SpotifySearch;
			productReference = F8D386661D70C273002A13FC /* SpotifySearch.app */;
			productType = "com.apple.product-type.application";
		};
/* End PBXNativeTarget section */

/* Begin PBXProject section */
		F8D3865E1D70C273002A13FC /* Project object */ = {
			isa = PBXProject;
			attributes = {
				LastSwiftUpdateCheck = 0730;
				LastUpgradeCheck = 0800;
				ORGANIZATIONNAME = "cse-cucak003";
				TargetAttributes = {
					F8D386651D70C273002A13FC = {
						CreatedOnToolsVersion = 7.3;
						DevelopmentTeam = 9YG3QBY4Y5;
						LastSwiftMigration = 0800;
						SystemCapabilities = {
							com.apple.BackgroundModes = {
								enabled = 1;
							};
						};
					};
				};
			};
			buildConfigurationList = F8D386611D70C273002A13FC /* Build configuration list for PBXProject "SpotifySearch" */;
			compatibilityVersion = "Xcode 3.2";
			developmentRegion = English;
			hasScannedForEncodings = 0;
			knownRegions = (
				en,
				Base,
			);
			mainGroup = F8D3865D1D70C273002A13FC;
			productRefGroup = F8D386671D70C273002A13FC /* Products */;
			projectDirPath = "";
			projectReferences = (
				{
					ProductGroup = 692E87721DE6257200C462F5 /* Products */;
					ProjectRef = 692E87711DE6257200C462F5 /* LNPopupController.xcodeproj */;
				},
			);
			projectRoot = "";
			targets = (
				F8D386651D70C273002A13FC /* SpotifySearch */,
			);
		};
/* End PBXProject section */

/* Begin PBXReferenceProxy section */
		692E87761DE6257200C462F5 /* LNPopupController.framework */ = {
			isa = PBXReferenceProxy;
			fileType = wrapper.framework;
			path = LNPopupController.framework;
			remoteRef = 692E87751DE6257200C462F5 /* PBXContainerItemProxy */;
			sourceTree = BUILT_PRODUCTS_DIR;
		};
/* End PBXReferenceProxy section */

/* Begin PBXResourcesBuildPhase section */
		F8D386641D70C273002A13FC /* Resources */ = {
			isa = PBXResourcesBuildPhase;
			buildActionMask = 2147483647;
			files = (
				6916E0731DF9CCE6002A7D66 /* ArtistTableViewCell.xib in Resources */,
				F8D386741D70C274002A13FC /* LaunchScreen.storyboard in Resources */,
				69898F2F1E08953D0041907D /* AlbumCollectionViewCell.xib in Resources */,
				693131091DFF505D001666DD /* AlbumCollectionTableViewCell.xib in Resources */,
				69281CA91DE3D041007F749F /* PlayerViewController.xib in Resources */,
				F8D386711D70C274002A13FC /* Assets.xcassets in Resources */,
				692D199A1DFB5E27008408D4 /* AlbumTableViewCell.xib in Resources */,
				691FDBE31DD2247F000122EF /* TrackTableViewCell.xib in Resources */,
				F8D3866F1D70C274002A13FC /* Main.storyboard in Resources */,
				69898F2B1E072FF30041907D /* ResultTableViewCell.xib in Resources */,
			);
			runOnlyForDeploymentPostprocessing = 0;
		};
/* End PBXResourcesBuildPhase section */

/* Begin PBXShellScriptBuildPhase section */
		13602B3E058F17CADEB7EFF8 /* [CP] Embed Pods Frameworks */ = {
			isa = PBXShellScriptBuildPhase;
			buildActionMask = 2147483647;
			files = (
			);
			inputPaths = (
			);
			name = "[CP] Embed Pods Frameworks";
			outputPaths = (
			);
			runOnlyForDeploymentPostprocessing = 0;
			shellPath = /bin/sh;
			shellScript = "\"${SRCROOT}/Pods/Target Support Files/Pods-SpotifySearch/Pods-SpotifySearch-frameworks.sh\"\n";
			showEnvVarsInLog = 0;
		};
		139ED592B44322A94A22838F /* [CP] Copy Pods Resources */ = {
			isa = PBXShellScriptBuildPhase;
			buildActionMask = 2147483647;
			files = (
			);
			inputPaths = (
			);
			name = "[CP] Copy Pods Resources";
			outputPaths = (
			);
			runOnlyForDeploymentPostprocessing = 0;
			shellPath = /bin/sh;
			shellScript = "\"${SRCROOT}/Pods/Target Support Files/Pods-SpotifySearch/Pods-SpotifySearch-resources.sh\"\n";
			showEnvVarsInLog = 0;
		};
		BD6145683BD4C18368D4BBAA /* [CP] Check Pods Manifest.lock */ = {
			isa = PBXShellScriptBuildPhase;
			buildActionMask = 2147483647;
			files = (
			);
			inputPaths = (
			);
			name = "[CP] Check Pods Manifest.lock";
			outputPaths = (
			);
			runOnlyForDeploymentPostprocessing = 0;
			shellPath = /bin/sh;
			shellScript = "diff \"${PODS_ROOT}/../Podfile.lock\" \"${PODS_ROOT}/Manifest.lock\" > /dev/null\nif [ $? != 0 ] ; then\n    # print error to STDERR\n    echo \"error: The sandbox is not in sync with the Podfile.lock. Run 'pod install' or update your CocoaPods installation.\" >&2\n    exit 1\nfi\n";
			showEnvVarsInLog = 0;
		};
/* End PBXShellScriptBuildPhase section */

/* Begin PBXSourcesBuildPhase section */
		F8D386621D70C273002A13FC /* Sources */ = {
			isa = PBXSourcesBuildPhase;
			buildActionMask = 2147483647;
			files = (
				691FDBE21DD2247F000122EF /* TrackTableViewCell.swift in Sources */,
				69210A9E1DFB0D7100F8C436 /* ArtistPageViewController.swift in Sources */,
				694D7FC11E2940C60061D3A5 /* PlaylistPageViewController.swift in Sources */,
				698BFB8A1DF0BF2C00DD4217 /* BLKFlexibleHeightBarBehaviorDefiner.m in Sources */,
				69267B7A1E17723B003E1589 /* ExpandTableViewController.swift in Sources */,
				698BFB8E1DF0BF2C00DD4217 /* UIView+BLKFlexibleHeightBarSubview.m in Sources */,
				692D19991DFB5E27008408D4 /* AlbumTableViewCell.swift in Sources */,
				69B459F31DB555EB0013D71A /* AppDelegate.swift in Sources */,
				69AAE8C91E0C704700D1804C /* AlbumPageModel.swift in Sources */,
				69B459ED1DB5559D0013D71A /* SearchViewController.swift in Sources */,
				69AD12EA1DDF7A0800FDA308 /* Constants.swift in Sources */,
				698BFB891DF0BF2B00DD4217 /* BLKFlexibleHeightBar.m in Sources */,
				69898F311E09D8410041907D /* AlbumPageViewController.swift in Sources */,
				692D199E1DFB6421008408D4 /* ArtistPageModel.swift in Sources */,
				698BFB8B1DF0BF2C00DD4217 /* BLKFlexibleHeightBarSubviewLayoutAttributes.m in Sources */,
				69B459F11DB555E10013D71A /* SpotifyModel.swift in Sources */,
				690B44EA1DF0AB3000FB4118 /* ArtistStyleBar.swift in Sources */,
				69281CA81DE3D041007F749F /* PlayerViewController.swift in Sources */,
				69267B761E164C7F003E1589 /* ExpandTableViewCell.swift in Sources */,
				698BFB8D1DF0BF2C00DD4217 /* SquareCashStyleBehaviorDefiner.m in Sources */,
				69898F2A1E072FF30041907D /* ResultTableViewCell.swift in Sources */,
				69898F2E1E08953C0041907D /* AlbumCollectionViewCell.swift in Sources */,
				69267B7C1E17A5E0003E1589 /* AlbumCollectionDatasource.swift in Sources */,
				6959AE5C1DEE1508003D2B35 /* LevenshteinDistance.swift in Sources */,
				698BFB8C1DF0BF2C00DD4217 /* FacebookStyleBarBehaviorDefiner.m in Sources */,
				69DCFA251DD67AE1007CF8A9 /* MainTabBarController.swift in Sources */,
				6916E0721DF9CCE6002A7D66 /* ArtistTableViewCell.swift in Sources */,
				6973F05B1DDB96AE0057946E /* QueueTableViewController.swift in Sources */,
				694450E51DE2430A007DEF55 /* WebViewController.swift in Sources */,
				698BFB881DF0BF2B00DD4217 /* BLKDelegateSplitter.m in Sources */,
				695526EF1DCB909D0023C4C5 /* SearchEntity.swift in Sources */,
				69B459EF1DB555B10013D71A /* SpotifyEndpoint.swift in Sources */,
				69898F331E0A27240041907D /* AlbumStyleBar.swift in Sources */,
				694450E31DE000A6007DEF55 /* LoginViewController.swift in Sources */,
				696D7B681DED1F560086BD4E /* TrackSection.swift in Sources */,
				694D60F31DF92FAC0032B8A3 /* SearchPageModels.swift in Sources */,
				69210AA11DFB1CF800F8C436 /* ArtistBarBehavior.swift in Sources */,
				694D60F51DF967A90032B8A3 /* ResultsTableViewController.swift in Sources */,
				693131081DFF505D001666DD /* AlbumCollectionTableViewCell.swift in Sources */,
			);
			runOnlyForDeploymentPostprocessing = 0;
		};
/* End PBXSourcesBuildPhase section */

/* Begin PBXTargetDependency section */
		698BFB921DF226AA00DD4217 /* PBXTargetDependency */ = {
			isa = PBXTargetDependency;
			name = LNPopupController;
			targetProxy = 698BFB911DF226AA00DD4217 /* PBXContainerItemProxy */;
		};
/* End PBXTargetDependency section */

/* Begin PBXVariantGroup section */
		F8D3866D1D70C274002A13FC /* Main.storyboard */ = {
			isa = PBXVariantGroup;
			children = (
				F8D3866E1D70C274002A13FC /* Base */,
			);
			name = Main.storyboard;
			sourceTree = "<group>";
		};
		F8D386721D70C274002A13FC /* LaunchScreen.storyboard */ = {
			isa = PBXVariantGroup;
			children = (
				F8D386731D70C274002A13FC /* Base */,
			);
			name = LaunchScreen.storyboard;
			sourceTree = "<group>";
		};
/* End PBXVariantGroup section */

/* Begin XCBuildConfiguration section */
		F8D386761D70C274002A13FC /* Debug */ = {
			isa = XCBuildConfiguration;
			buildSettings = {
				ALWAYS_EMBED_SWIFT_STANDARD_LIBRARIES = "$(inherited)";
				ALWAYS_SEARCH_USER_PATHS = NO;
				CLANG_ANALYZER_NONNULL = YES;
				CLANG_CXX_LANGUAGE_STANDARD = "gnu++0x";
				CLANG_CXX_LIBRARY = "libc++";
				CLANG_ENABLE_MODULES = YES;
				CLANG_ENABLE_OBJC_ARC = YES;
				CLANG_WARN_BOOL_CONVERSION = YES;
				CLANG_WARN_CONSTANT_CONVERSION = YES;
				CLANG_WARN_DIRECT_OBJC_ISA_USAGE = YES_ERROR;
				CLANG_WARN_EMPTY_BODY = YES;
				CLANG_WARN_ENUM_CONVERSION = YES;
				CLANG_WARN_INFINITE_RECURSION = YES;
				CLANG_WARN_INT_CONVERSION = YES;
				CLANG_WARN_OBJC_ROOT_CLASS = YES_ERROR;
				CLANG_WARN_SUSPICIOUS_MOVE = YES;
				CLANG_WARN_UNREACHABLE_CODE = YES;
				CLANG_WARN__DUPLICATE_METHOD_MATCH = YES;
				"CODE_SIGN_IDENTITY[sdk=iphoneos*]" = "iPhone Developer";
				COPY_PHASE_STRIP = NO;
				DEBUG_INFORMATION_FORMAT = dwarf;
				ENABLE_STRICT_OBJC_MSGSEND = YES;
				ENABLE_TESTABILITY = YES;
				GCC_C_LANGUAGE_STANDARD = gnu99;
				GCC_DYNAMIC_NO_PIC = NO;
				GCC_NO_COMMON_BLOCKS = YES;
				GCC_OPTIMIZATION_LEVEL = 0;
				GCC_PREPROCESSOR_DEFINITIONS = (
					"DEBUG=1",
					"$(inherited)",
				);
				GCC_WARN_64_TO_32_BIT_CONVERSION = YES;
				GCC_WARN_ABOUT_RETURN_TYPE = YES_ERROR;
				GCC_WARN_UNDECLARED_SELECTOR = YES;
				GCC_WARN_UNINITIALIZED_AUTOS = YES_AGGRESSIVE;
				GCC_WARN_UNUSED_FUNCTION = YES;
				GCC_WARN_UNUSED_VARIABLE = YES;
				IPHONEOS_DEPLOYMENT_TARGET = 10.0;
				MTL_ENABLE_DEBUG_INFO = YES;
				ONLY_ACTIVE_ARCH = YES;
				SDKROOT = iphoneos;
				SWIFT_OPTIMIZATION_LEVEL = "-Onone";
			};
			name = Debug;
		};
		F8D386771D70C274002A13FC /* Release */ = {
			isa = XCBuildConfiguration;
			buildSettings = {
				ALWAYS_EMBED_SWIFT_STANDARD_LIBRARIES = "$(inherited)";
				ALWAYS_SEARCH_USER_PATHS = NO;
				CLANG_ANALYZER_NONNULL = YES;
				CLANG_CXX_LANGUAGE_STANDARD = "gnu++0x";
				CLANG_CXX_LIBRARY = "libc++";
				CLANG_ENABLE_MODULES = YES;
				CLANG_ENABLE_OBJC_ARC = YES;
				CLANG_WARN_BOOL_CONVERSION = YES;
				CLANG_WARN_CONSTANT_CONVERSION = YES;
				CLANG_WARN_DIRECT_OBJC_ISA_USAGE = YES_ERROR;
				CLANG_WARN_EMPTY_BODY = YES;
				CLANG_WARN_ENUM_CONVERSION = YES;
				CLANG_WARN_INFINITE_RECURSION = YES;
				CLANG_WARN_INT_CONVERSION = YES;
				CLANG_WARN_OBJC_ROOT_CLASS = YES_ERROR;
				CLANG_WARN_SUSPICIOUS_MOVE = YES;
				CLANG_WARN_UNREACHABLE_CODE = YES;
				CLANG_WARN__DUPLICATE_METHOD_MATCH = YES;
				"CODE_SIGN_IDENTITY[sdk=iphoneos*]" = "iPhone Developer";
				COPY_PHASE_STRIP = NO;
				DEBUG_INFORMATION_FORMAT = "dwarf-with-dsym";
				ENABLE_NS_ASSERTIONS = NO;
				ENABLE_STRICT_OBJC_MSGSEND = YES;
				GCC_C_LANGUAGE_STANDARD = gnu99;
				GCC_NO_COMMON_BLOCKS = YES;
				GCC_WARN_64_TO_32_BIT_CONVERSION = YES;
				GCC_WARN_ABOUT_RETURN_TYPE = YES_ERROR;
				GCC_WARN_UNDECLARED_SELECTOR = YES;
				GCC_WARN_UNINITIALIZED_AUTOS = YES_AGGRESSIVE;
				GCC_WARN_UNUSED_FUNCTION = YES;
				GCC_WARN_UNUSED_VARIABLE = YES;
				IPHONEOS_DEPLOYMENT_TARGET = 10.0;
				MTL_ENABLE_DEBUG_INFO = NO;
				SDKROOT = iphoneos;
				SWIFT_OPTIMIZATION_LEVEL = "-Owholemodule";
				VALIDATE_PRODUCT = YES;
			};
			name = Release;
		};
		F8D386791D70C274002A13FC /* Debug */ = {
			isa = XCBuildConfiguration;
			baseConfigurationReference = 33CBEBDC31B2C68EB58CD8A8 /* Pods-SpotifySearch.debug.xcconfig */;
			buildSettings = {
				ALWAYS_EMBED_SWIFT_STANDARD_LIBRARIES = YES;
				ASSETCATALOG_COMPILER_APPICON_NAME = AppIcon;
				CLANG_ENABLE_MODULES = YES;
				CODE_SIGN_IDENTITY = "iPhone Developer";
				FRAMEWORK_SEARCH_PATHS = (
					"$(inherited)",
					"$(PROJECT_DIR)",
				);
				INFOPLIST_FILE = SpotifySearch/Info.plist;
				LD_RUNPATH_SEARCH_PATHS = "$(inherited) @executable_path/Frameworks";
				OTHER_LDFLAGS = (
					"$(inherited)",
					"-ObjC",
				);
				PRODUCT_BUNDLE_IDENTIFIER = acucak.SpotifySearch;
				PRODUCT_NAME = "$(TARGET_NAME)";
				SWIFT_OBJC_BRIDGING_HEADER = "SpotifySearch/SpotifySearch-Bridging-Header.h";
				SWIFT_OPTIMIZATION_LEVEL = "-Onone";
				SWIFT_VERSION = 3.0;
			};
			name = Debug;
		};
		F8D3867A1D70C274002A13FC /* Release */ = {
			isa = XCBuildConfiguration;
			baseConfigurationReference = CF4168076E16B084927BB581 /* Pods-SpotifySearch.release.xcconfig */;
			buildSettings = {
				ALWAYS_EMBED_SWIFT_STANDARD_LIBRARIES = YES;
				ASSETCATALOG_COMPILER_APPICON_NAME = AppIcon;
				CLANG_ENABLE_MODULES = YES;
				CODE_SIGN_IDENTITY = "iPhone Developer";
				FRAMEWORK_SEARCH_PATHS = (
					"$(inherited)",
					"$(PROJECT_DIR)",
				);
				INFOPLIST_FILE = SpotifySearch/Info.plist;
				LD_RUNPATH_SEARCH_PATHS = "$(inherited) @executable_path/Frameworks";
				OTHER_LDFLAGS = (
					"$(inherited)",
					"-ObjC",
				);
				PRODUCT_BUNDLE_IDENTIFIER = acucak.SpotifySearch;
				PRODUCT_NAME = "$(TARGET_NAME)";
				SWIFT_OBJC_BRIDGING_HEADER = "SpotifySearch/SpotifySearch-Bridging-Header.h";
				SWIFT_VERSION = 3.0;
			};
			name = Release;
		};
/* End XCBuildConfiguration section */

/* Begin XCConfigurationList section */
		F8D386611D70C273002A13FC /* Build configuration list for PBXProject "SpotifySearch" */ = {
			isa = XCConfigurationList;
			buildConfigurations = (
				F8D386761D70C274002A13FC /* Debug */,
				F8D386771D70C274002A13FC /* Release */,
			);
			defaultConfigurationIsVisible = 0;
			defaultConfigurationName = Release;
		};
		F8D386781D70C274002A13FC /* Build configuration list for PBXNativeTarget "SpotifySearch" */ = {
			isa = XCConfigurationList;
			buildConfigurations = (
				F8D386791D70C274002A13FC /* Debug */,
				F8D3867A1D70C274002A13FC /* Release */,
			);
			defaultConfigurationIsVisible = 0;
			defaultConfigurationName = Release;
		};
/* End XCConfigurationList section */
	};
	rootObject = F8D3865E1D70C273002A13FC /* Project object */;
}
